
Microsoft Visual Studio Solution File, Format Version 12.00
# Visual Studio Version 16
VisualStudioVersion = 16.0.30406.217
MinimumVisualStudioVersion = 10.0.40219.1
Project("{FAE04EC0-301F-11D3-BF4B-00C04F79EFBC}") = "ZedCrest_Dev_Challenge", "ZedCrest_Dev_Challenge\ZedCrest_Dev_Challenge.csproj", "{59629E2D-68C4-4EA5-BDE9-A141D7ED9841}"
EndProject
Global
	GlobalSection(SolutionConfigurationPlatforms) = preSolution
		Debug|Any CPU = Debug|Any CPU
		Release|Any CPU = Release|Any CPU
	EndGlobalSection
	GlobalSection(ProjectConfigurationPlatforms) = postSolution
		{59629E2D-68C4-4EA5-BDE9-A141D7ED9841}.Debug|Any CPU.ActiveCfg = Debug|Any CPU
		{59629E2D-68C4-4EA5-BDE9-A141D7ED9841}.Debug|Any CPU.Build.0 = Debug|Any CPU
		{59629E2D-68C4-4EA5-BDE9-A141D7ED9841}.Release|Any CPU.ActiveCfg = Release|Any CPU
		{59629E2D-68C4-4EA5-BDE9-A141D7ED9841}.Release|Any CPU.Build.0 = Release|Any CPU
	EndGlobalSection
	GlobalSection(SolutionProperties) = preSolution
		HideSolutionNode = FALSE
	EndGlobalSection
	GlobalSection(ExtensibilityGlobals) = postSolution
		SolutionGuid = {92C8FA11-61A6-413B-A304-B3DD832AB0F3}
	EndGlobalSection
EndGlobal
